
Microsoft Visual Studio Solution File, Format Version 12.00
# Visual Studio Version 17
VisualStudioVersion = 17.14.36414.22
MinimumVisualStudioVersion = 10.0.40219.1
Project("{FAE04EC0-301F-11D3-BF4B-00C04F79EFBC}") = "Presentation", "Presentation.csproj", "{7345EB94-4E57-4924-9C4E-8F5ACC7E632D}"
EndProject
Project("{FAE04EC0-301F-11D3-BF4B-00C04F79EFBC}") = "Application", "..\Application\Application.csproj", "{DA854972-9BC4-4412-A5DC-91BCB73CB5E8}"
EndProject
Project("{FAE04EC0-301F-11D3-BF4B-00C04F79EFBC}") = "Domain", "..\Domain\Domain.csproj", "{213E16AA-52AF-47F3-A459-063B8F54D5CF}"
EndProject
Project("{FAE04EC0-301F-11D3-BF4B-00C04F79EFBC}") = "Contract", "..\Contract\Contract.csproj", "{D0B57734-E320-438D-A880-FDE59A588285}"
EndProject
Project("{FAE04EC0-301F-11D3-BF4B-00C04F79EFBC}") = "Infraestructure", "..\Infraestructure\Infraestructure.csproj", "{4A132D2B-08B6-4B21-AEEC-DC9E029E60A0}"
EndProject
Global
	GlobalSection(SolutionConfigurationPlatforms) = preSolution
		Debug|Any CPU = Debug|Any CPU
		Release|Any CPU = Release|Any CPU
	EndGlobalSection
	GlobalSection(ProjectConfigurationPlatforms) = postSolution
		{7345EB94-4E57-4924-9C4E-8F5ACC7E632D}.Debug|Any CPU.ActiveCfg = Debug|Any CPU
		{7345EB94-4E57-4924-9C4E-8F5ACC7E632D}.Debug|Any CPU.Build.0 = Debug|Any CPU
		{7345EB94-4E57-4924-9C4E-8F5ACC7E632D}.Release|Any CPU.ActiveCfg = Release|Any CPU
		{7345EB94-4E57-4924-9C4E-8F5ACC7E632D}.Release|Any CPU.Build.0 = Release|Any CPU
		{DA854972-9BC4-4412-A5DC-91BCB73CB5E8}.Debug|Any CPU.ActiveCfg = Debug|Any CPU
		{DA854972-9BC4-4412-A5DC-91BCB73CB5E8}.Debug|Any CPU.Build.0 = Debug|Any CPU
		{DA854972-9BC4-4412-A5DC-91BCB73CB5E8}.Release|Any CPU.ActiveCfg = Release|Any CPU
		{DA854972-9BC4-4412-A5DC-91BCB73CB5E8}.Release|Any CPU.Build.0 = Release|Any CPU
		{213E16AA-52AF-47F3-A459-063B8F54D5CF}.Debug|Any CPU.ActiveCfg = Debug|Any CPU
		{213E16AA-52AF-47F3-A459-063B8F54D5CF}.Debug|Any CPU.Build.0 = Debug|Any CPU
		{213E16AA-52AF-47F3-A459-063B8F54D5CF}.Release|Any CPU.ActiveCfg = Release|Any CPU
		{213E16AA-52AF-47F3-A459-063B8F54D5CF}.Release|Any CPU.Build.0 = Release|Any CPU
		{D0B57734-E320-438D-A880-FDE59A588285}.Debug|Any CPU.ActiveCfg = Debug|Any CPU
		{D0B57734-E320-438D-A880-FDE59A588285}.Debug|Any CPU.Build.0 = Debug|Any CPU
		{D0B57734-E320-438D-A880-FDE59A588285}.Release|Any CPU.ActiveCfg = Release|Any CPU
		{D0B57734-E320-438D-A880-FDE59A588285}.Release|Any CPU.Build.0 = Release|Any CPU
		{4A132D2B-08B6-4B21-AEEC-DC9E029E60A0}.Debug|Any CPU.ActiveCfg = Debug|Any CPU
		{4A132D2B-08B6-4B21-AEEC-DC9E029E60A0}.Debug|Any CPU.Build.0 = Debug|Any CPU
		{4A132D2B-08B6-4B21-AEEC-DC9E029E60A0}.Release|Any CPU.ActiveCfg = Release|Any CPU
		{4A132D2B-08B6-4B21-AEEC-DC9E029E60A0}.Release|Any CPU.Build.0 = Release|Any CPU
	EndGlobalSection
	GlobalSection(SolutionProperties) = preSolution
		HideSolutionNode = FALSE
	EndGlobalSection
	GlobalSection(ExtensibilityGlobals) = postSolution
		SolutionGuid = {BEACAE23-7FB5-45B7-A652-CDA21935D812}
	EndGlobalSection
EndGlobal
